
Microsoft Visual Studio Solution File, Format Version 12.00
# Visual Studio Version 17
VisualStudioVersion = 17.4.33213.308
MinimumVisualStudioVersion = 10.0.40219.1
Project("{FAE04EC0-301F-11D3-BF4B-00C04F79EFBC}") = "Token", "Token\Token.csproj", "{76215E9A-9A03-4A6A-B34F-F1B9BA2B0B66}"
EndProject
Global
	GlobalSection(SolutionConfigurationPlatforms) = preSolution
		Debug|Any CPU = Debug|Any CPU
		Release|Any CPU = Release|Any CPU
	EndGlobalSection
	GlobalSection(ProjectConfigurationPlatforms) = postSolution
		{76215E9A-9A03-4A6A-B34F-F1B9BA2B0B66}.Debug|Any CPU.ActiveCfg = Debug|Any CPU
		{76215E9A-9A03-4A6A-B34F-F1B9BA2B0B66}.Debug|Any CPU.Build.0 = Debug|Any CPU
		{76215E9A-9A03-4A6A-B34F-F1B9BA2B0B66}.Release|Any CPU.ActiveCfg = Release|Any CPU
		{76215E9A-9A03-4A6A-B34F-F1B9BA2B0B66}.Release|Any CPU.Build.0 = Release|Any CPU
	EndGlobalSection
	GlobalSection(SolutionProperties) = preSolution
		HideSolutionNode = FALSE
	EndGlobalSection
	GlobalSection(ExtensibilityGlobals) = postSolution
		SolutionGuid = {E0C755E6-45B8-491C-91F9-2E595B52620B}
	EndGlobalSection
EndGlobal
